
Microsoft Visual Studio Solution File, Format Version 12.00
# Visual Studio Version 17
VisualStudioVersion = 17.1.32210.238
MinimumVisualStudioVersion = 10.0.40219.1
Project("{FAE04EC0-301F-11D3-BF4B-00C04F79EFBC}") = "Obyvi", "Obyvi.csproj", "{B086011E-794F-42AE-87C6-54D5471E8998}"
EndProject
Global
	GlobalSection(SolutionConfigurationPlatforms) = preSolution
		Debug|Any CPU = Debug|Any CPU
		Release|Any CPU = Release|Any CPU
	EndGlobalSection
	GlobalSection(ProjectConfigurationPlatforms) = postSolution
		{B086011E-794F-42AE-87C6-54D5471E8998}.Debug|Any CPU.ActiveCfg = Debug|Any CPU
		{B086011E-794F-42AE-87C6-54D5471E8998}.Debug|Any CPU.Build.0 = Debug|Any CPU
		{B086011E-794F-42AE-87C6-54D5471E8998}.Release|Any CPU.ActiveCfg = Release|Any CPU
		{B086011E-794F-42AE-87C6-54D5471E8998}.Release|Any CPU.Build.0 = Release|Any CPU
	EndGlobalSection
	GlobalSection(SolutionProperties) = preSolution
		HideSolutionNode = FALSE
	EndGlobalSection
	GlobalSection(ExtensibilityGlobals) = postSolution
		SolutionGuid = {0E9AB876-DE3D-4412-8BC5-E2443804B1DB}
	EndGlobalSection
EndGlobal
